{
  "pins" : [
    {
      "identity" : "generic-json-swift",
      "kind" : "remoteSourceControl",
      "location" : "https://github.com/iwill/generic-json-swift.git",
      "state" : {
        "revision" : "0a06575f4038b504e78ac330913d920f1630f510",
        "version" : "2.0.2"
      }
    },
    {
      "identity" : "legibleerror",
      "kind" : "remoteSourceControl",
      "location" : "https://github.com/mxcl/LegibleError.git",
      "state" : {
        "revision" : "bc596702d7ff618c3f90ba480eeb48b3e83a2fbe",
        "version" : "1.0.6"
      }
    },
    {
      "identity" : "swift-email",
      "kind" : "remoteSourceControl",
      "location" : "https://github.com/Frizlab/swift-email.git",
      "state" : {
        "revision" : "685374176c6a463b3ceba8d0b9cd9f2cd03eed18",
        "version" : "0.2.5"
      }
    },
    {
      "identity" : "unwraporthrow",
      "kind" : "remoteSourceControl",
      "location" : "https://github.com/Frizlab/UnwrapOrThrow.git",
      "state" : {
        "revision" : "f35da77c8d86987e29fd8b77f78115ce7a144a0c",
        "version" : "1.0.0"
      }
    }
  ],
  "version" : 2
}
